github.com/tegarpenemuanr3/go_say_hello v1.0.0 h1:IZZRzUjBYs86hd0CSq5Rm8AsCqo4uXS9OnxeEM2Rf00=
github.com/tegarpenemuanr3/go_say_hello v1.0.0/go.mod h1:2N5wRPmvgbn5XMx3konbTdy5GTAm9YveAvkywJRZ8V4=
github.com/tegarpenemuanr3/go_say_hello v1.5.0 h1:HXyJVvVYWUnWp4VNLjwWyRCSjGG8j8aazRMehbMn2p8=
github.com/tegarpenemuanr3/go_say_hello v1.5.0/go.mod h1:2N5wRPmvgbn5XMx3konbTdy5GTAm9YveAvkywJRZ8V4=
github.com/tegarpenemuanr3/go_say_hello/v2 v2.0.0 h1:pDq7ZPhD3c0ZQ+d8dHJ/kYaKiOlWYbFwqU2gfYZsYvk=
github.com/tegarpenemuanr3/go_say_hello/v2 v2.0.0/go.mod h1:I6WoMVZ5Z2cfH17uSYEdTC9kCzLCvbSwxilLGOaLY4w=
